
Microsoft Visual Studio Solution File, Format Version 12.00
# Visual Studio Version 17
VisualStudioVersion = 17.5.33516.290
MinimumVisualStudioVersion = 10.0.40219.1
Project("{2150E333-8FDC-42A3-9474-1A3956D46DE8}") = "src", "src", "{DA1C349C-3AF3-4B31-BC4D-910B5501E040}"
EndProject
Project("{2150E333-8FDC-42A3-9474-1A3956D46DE8}") = "Services", "Services", "{03892B5C-71B7-4FAF-90E1-005E6DDE873C}"
EndProject
Project("{2150E333-8FDC-42A3-9474-1A3956D46DE8}") = "Ordering", "Ordering", "{8A95B054-A6F7-490F-9891-6974C590A19B}"
EndProject
Project("{2150E333-8FDC-42A3-9474-1A3956D46DE8}") = "tests", "tests", "{E243F8D1-2D8B-4CD6-9C89-3BE1A37B112F}"
EndProject
Project("{9A19103F-16F7-4668-BE54-9A1E7A4F7556}") = "Ordering.API", "Services\Ordering\Ordering.API\Ordering.API.csproj", "{1D12F73E-7B27-4E1D-B28D-C5090B6F0C1A}"
EndProject
Project("{9A19103F-16F7-4668-BE54-9A1E7A4F7556}") = "Ordering.Domain", "Services\Ordering\Ordering.Domain\Ordering.Domain.csproj", "{48B96B58-1DB4-4063-9BBC-7CB34420CD73}"
EndProject
Project("{9A19103F-16F7-4668-BE54-9A1E7A4F7556}") = "Ordering.Infrastructure", "Services\Ordering\Ordering.Infrastructure\Ordering.Infrastructure.csproj", "{4C6BE26D-2D25-443C-A486-6E458A41CC4C}"
EndProject
Project("{2150E333-8FDC-42A3-9474-1A3956D46DE8}") = "BuildingBlocks", "BuildingBlocks", "{5A7D02F5-3E56-4496-8639-CC92BA066E3B}"
EndProject
Project("{2150E333-8FDC-42A3-9474-1A3956D46DE8}") = "EventBus", "EventBus", "{2067AB5B-87F1-42FF-9B0A-7ED823AD5744}"
EndProject
Project("{9A19103F-16F7-4668-BE54-9A1E7A4F7556}") = "EventBus", "BuildingBlocks\EventBus\EventBus\EventBus.csproj", "{A8BD5A79-915E-48FB-9FF7-C21DDC338110}"
EndProject
Project("{FAE04EC0-301F-11D3-BF4B-00C04F79EFBC}") = "IntegrationEventLogEF", "BuildingBlocks\EventBus\IntegrationEventLogEF\IntegrationEventLogEF.csproj", "{0F961DAD-4ABF-4AD5-B1E6-7997AE0CE692}"
EndProject
Project("{2150E333-8FDC-42A3-9474-1A3956D46DE8}") = "Common", "Common", "{5F115F82-4719-485C-B722-335BD650803F}"
EndProject
Project("{FAE04EC0-301F-11D3-BF4B-00C04F79EFBC}") = "Services.Common", "Services\Common\Services.Common\Services.Common.csproj", "{A5A0124B-EAEB-4C20-BC07-9A323B794D9F}"
EndProject
Project("{FAE04EC0-301F-11D3-BF4B-00C04F79EFBC}") = "Ordering.UnitTests", "Services\Ordering\tests\Ordering.UnitTests\Ordering.UnitTests.csproj", "{ECF41675-6BE0-4A9F-AFDE-CAF623283CFD}"
EndProject
Project("{FAE04EC0-301F-11D3-BF4B-00C04F79EFBC}") = "Ordering.FunctionalTests", "Services\Ordering\tests\Ordering.FunctionalTests\Ordering.FunctionalTests.csproj", "{08183DE9-A715-417B-A8BB-920DF8F0EDA0}"
EndProject
Global
	GlobalSection(SolutionConfigurationPlatforms) = preSolution
		Debug|Any CPU = Debug|Any CPU
		Release|Any CPU = Release|Any CPU
	EndGlobalSection
	GlobalSection(ProjectConfigurationPlatforms) = postSolution
		{1D12F73E-7B27-4E1D-B28D-C5090B6F0C1A}.Debug|Any CPU.ActiveCfg = Debug|Any CPU
		{1D12F73E-7B27-4E1D-B28D-C5090B6F0C1A}.Debug|Any CPU.Build.0 = Debug|Any CPU
		{1D12F73E-7B27-4E1D-B28D-C5090B6F0C1A}.Release|Any CPU.ActiveCfg = Release|Any CPU
		{1D12F73E-7B27-4E1D-B28D-C5090B6F0C1A}.Release|Any CPU.Build.0 = Release|Any CPU
		{48B96B58-1DB4-4063-9BBC-7CB34420CD73}.Debug|Any CPU.ActiveCfg = Debug|Any CPU
		{48B96B58-1DB4-4063-9BBC-7CB34420CD73}.Debug|Any CPU.Build.0 = Debug|Any CPU
		{48B96B58-1DB4-4063-9BBC-7CB34420CD73}.Release|Any CPU.ActiveCfg = Release|Any CPU
		{48B96B58-1DB4-4063-9BBC-7CB34420CD73}.Release|Any CPU.Build.0 = Release|Any CPU
		{4C6BE26D-2D25-443C-A486-6E458A41CC4C}.Debug|Any CPU.ActiveCfg = Debug|Any CPU
		{4C6BE26D-2D25-443C-A486-6E458A41CC4C}.Debug|Any CPU.Build.0 = Debug|Any CPU
		{4C6BE26D-2D25-443C-A486-6E458A41CC4C}.Release|Any CPU.ActiveCfg = Release|Any CPU
		{4C6BE26D-2D25-443C-A486-6E458A41CC4C}.Release|Any CPU.Build.0 = Release|Any CPU
		{A8BD5A79-915E-48FB-9FF7-C21DDC338110}.Debug|Any CPU.ActiveCfg = Debug|Any CPU
		{A8BD5A79-915E-48FB-9FF7-C21DDC338110}.Debug|Any CPU.Build.0 = Debug|Any CPU
		{A8BD5A79-915E-48FB-9FF7-C21DDC338110}.Release|Any CPU.ActiveCfg = Release|Any CPU
		{A8BD5A79-915E-48FB-9FF7-C21DDC338110}.Release|Any CPU.Build.0 = Release|Any CPU
		{0F961DAD-4ABF-4AD5-B1E6-7997AE0CE692}.Debug|Any CPU.ActiveCfg = Debug|Any CPU
		{0F961DAD-4ABF-4AD5-B1E6-7997AE0CE692}.Debug|Any CPU.Build.0 = Debug|Any CPU
		{0F961DAD-4ABF-4AD5-B1E6-7997AE0CE692}.Release|Any CPU.ActiveCfg = Release|Any CPU
		{0F961DAD-4ABF-4AD5-B1E6-7997AE0CE692}.Release|Any CPU.Build.0 = Release|Any CPU
		{A5A0124B-EAEB-4C20-BC07-9A323B794D9F}.Debug|Any CPU.ActiveCfg = Debug|Any CPU
		{A5A0124B-EAEB-4C20-BC07-9A323B794D9F}.Debug|Any CPU.Build.0 = Debug|Any CPU
		{A5A0124B-EAEB-4C20-BC07-9A323B794D9F}.Release|Any CPU.ActiveCfg = Release|Any CPU
		{A5A0124B-EAEB-4C20-BC07-9A323B794D9F}.Release|Any CPU.Build.0 = Release|Any CPU
		{ECF41675-6BE0-4A9F-AFDE-CAF623283CFD}.Debug|Any CPU.ActiveCfg = Debug|Any CPU
		{ECF41675-6BE0-4A9F-AFDE-CAF623283CFD}.Debug|Any CPU.Build.0 = Debug|Any CPU
		{ECF41675-6BE0-4A9F-AFDE-CAF623283CFD}.Release|Any CPU.ActiveCfg = Release|Any CPU
		{ECF41675-6BE0-4A9F-AFDE-CAF623283CFD}.Release|Any CPU.Build.0 = Release|Any CPU
		{08183DE9-A715-417B-A8BB-920DF8F0EDA0}.Debug|Any CPU.ActiveCfg = Debug|Any CPU
		{08183DE9-A715-417B-A8BB-920DF8F0EDA0}.Debug|Any CPU.Build.0 = Debug|Any CPU
		{08183DE9-A715-417B-A8BB-920DF8F0EDA0}.Release|Any CPU.ActiveCfg = Release|Any CPU
		{08183DE9-A715-417B-A8BB-920DF8F0EDA0}.Release|Any CPU.Build.0 = Release|Any CPU
	EndGlobalSection
	GlobalSection(SolutionProperties) = preSolution
		HideSolutionNode = FALSE
	EndGlobalSection
	GlobalSection(NestedProjects) = preSolution
		{03892B5C-71B7-4FAF-90E1-005E6DDE873C} = {DA1C349C-3AF3-4B31-BC4D-910B5501E040}
		{8A95B054-A6F7-490F-9891-6974C590A19B} = {03892B5C-71B7-4FAF-90E1-005E6DDE873C}
		{E243F8D1-2D8B-4CD6-9C89-3BE1A37B112F} = {8A95B054-A6F7-490F-9891-6974C590A19B}
		{1D12F73E-7B27-4E1D-B28D-C5090B6F0C1A} = {8A95B054-A6F7-490F-9891-6974C590A19B}
		{48B96B58-1DB4-4063-9BBC-7CB34420CD73} = {8A95B054-A6F7-490F-9891-6974C590A19B}
		{4C6BE26D-2D25-443C-A486-6E458A41CC4C} = {8A95B054-A6F7-490F-9891-6974C590A19B}
		{5A7D02F5-3E56-4496-8639-CC92BA066E3B} = {DA1C349C-3AF3-4B31-BC4D-910B5501E040}
		{2067AB5B-87F1-42FF-9B0A-7ED823AD5744} = {5A7D02F5-3E56-4496-8639-CC92BA066E3B}
		{A8BD5A79-915E-48FB-9FF7-C21DDC338110} = {2067AB5B-87F1-42FF-9B0A-7ED823AD5744}
		{0F961DAD-4ABF-4AD5-B1E6-7997AE0CE692} = {2067AB5B-87F1-42FF-9B0A-7ED823AD5744}
		{5F115F82-4719-485C-B722-335BD650803F} = {03892B5C-71B7-4FAF-90E1-005E6DDE873C}
		{A5A0124B-EAEB-4C20-BC07-9A323B794D9F} = {5F115F82-4719-485C-B722-335BD650803F}
		{ECF41675-6BE0-4A9F-AFDE-CAF623283CFD} = {E243F8D1-2D8B-4CD6-9C89-3BE1A37B112F}
		{08183DE9-A715-417B-A8BB-920DF8F0EDA0} = {E243F8D1-2D8B-4CD6-9C89-3BE1A37B112F}
	EndGlobalSection
	GlobalSection(ExtensibilityGlobals) = postSolution
		SolutionGuid = {AEB3A057-F7C9-4A64-A5B6-A8700295D4E3}
	EndGlobalSection
EndGlobal
